
Microsoft Visual Studio Solution File, Format Version 12.00
# Visual Studio Version 16
VisualStudioVersion = 16.0.32929.386
MinimumVisualStudioVersion = 10.0.40219.1
Project("{FAE04EC0-301F-11D3-BF4B-00C04F79EFBC}") = "PersonManager.Domain", "PersonManager\PersonManager.Domain.csproj", "{31580478-FB1E-4B6A-AB48-19D01C3EF9F9}"
EndProject
Project("{FAE04EC0-301F-11D3-BF4B-00C04F79EFBC}") = "PersonManager.Application", "PersonManager.Application\PersonManager.Application.csproj", "{DFFAC29B-B677-4066-8A55-2A7D08C83423}"
EndProject
Project("{FAE04EC0-301F-11D3-BF4B-00C04F79EFBC}") = "PersonManager.InfraStructure", "PersonManager.InfraStructure\PersonManager.InfraStructure.csproj", "{E48D6359-9334-42CC-AAD9-9121944BC598}"
EndProject
Project("{FAE04EC0-301F-11D3-BF4B-00C04F79EFBC}") = "PersonManager.UI", "PersonManager.UI\PersonManager.UI.csproj", "{97C44C66-8E1B-4AEF-84FA-4F8884831B76}"
EndProject
Global
	GlobalSection(SolutionConfigurationPlatforms) = preSolution
		Debug|Any CPU = Debug|Any CPU
		Release|Any CPU = Release|Any CPU
	EndGlobalSection
	GlobalSection(ProjectConfigurationPlatforms) = postSolution
		{31580478-FB1E-4B6A-AB48-19D01C3EF9F9}.Debug|Any CPU.ActiveCfg = Debug|Any CPU
		{31580478-FB1E-4B6A-AB48-19D01C3EF9F9}.Debug|Any CPU.Build.0 = Debug|Any CPU
		{31580478-FB1E-4B6A-AB48-19D01C3EF9F9}.Release|Any CPU.ActiveCfg = Release|Any CPU
		{31580478-FB1E-4B6A-AB48-19D01C3EF9F9}.Release|Any CPU.Build.0 = Release|Any CPU
		{DFFAC29B-B677-4066-8A55-2A7D08C83423}.Debug|Any CPU.ActiveCfg = Debug|Any CPU
		{DFFAC29B-B677-4066-8A55-2A7D08C83423}.Debug|Any CPU.Build.0 = Debug|Any CPU
		{DFFAC29B-B677-4066-8A55-2A7D08C83423}.Release|Any CPU.ActiveCfg = Release|Any CPU
		{DFFAC29B-B677-4066-8A55-2A7D08C83423}.Release|Any CPU.Build.0 = Release|Any CPU
		{E48D6359-9334-42CC-AAD9-9121944BC598}.Debug|Any CPU.ActiveCfg = Debug|Any CPU
		{E48D6359-9334-42CC-AAD9-9121944BC598}.Debug|Any CPU.Build.0 = Debug|Any CPU
		{E48D6359-9334-42CC-AAD9-9121944BC598}.Release|Any CPU.ActiveCfg = Release|Any CPU
		{E48D6359-9334-42CC-AAD9-9121944BC598}.Release|Any CPU.Build.0 = Release|Any CPU
		{97C44C66-8E1B-4AEF-84FA-4F8884831B76}.Debug|Any CPU.ActiveCfg = Debug|Any CPU
		{97C44C66-8E1B-4AEF-84FA-4F8884831B76}.Debug|Any CPU.Build.0 = Debug|Any CPU
		{97C44C66-8E1B-4AEF-84FA-4F8884831B76}.Release|Any CPU.ActiveCfg = Release|Any CPU
		{97C44C66-8E1B-4AEF-84FA-4F8884831B76}.Release|Any CPU.Build.0 = Release|Any CPU
	EndGlobalSection
	GlobalSection(SolutionProperties) = preSolution
		HideSolutionNode = FALSE
	EndGlobalSection
	GlobalSection(ExtensibilityGlobals) = postSolution
		SolutionGuid = {6D335640-522E-4D99-8D71-7EBC3D6CBBC2}
	EndGlobalSection
EndGlobal
